
Microsoft Visual Studio Solution File, Format Version 10.00
# Visual Studio 2008
Project("{8BC9CEB8-8B4A-11D0-8D11-00A0C91BC942}") = "NFIQ2", "NFIQ2.vcproj", "{FDB87FBF-6456-4A84-9431-99FD6FCD83BE}"
	ProjectSection(ProjectDependencies) = postProject
		{96477E0A-C337-4F07-8D31-12749267DFAD} = {96477E0A-C337-4F07-8D31-12749267DFAD}
		{CDA5AF7A-6B67-40EF-AAB0-72972F61D1BA} = {CDA5AF7A-6B67-40EF-AAB0-72972F61D1BA}
		{78961D8B-D327-4B6A-AC7B-898BF0D3A9F6} = {78961D8B-D327-4B6A-AC7B-898BF0D3A9F6}
		{8CF7E4CC-3591-4209-9A81-FD32101518C8} = {8CF7E4CC-3591-4209-9A81-FD32101518C8}
		{A81E26DB-087B-48D8-BFA2-3A9AAEBEE2BB} = {A81E26DB-087B-48D8-BFA2-3A9AAEBEE2BB}
		{3D5096DB-8020-4B1B-876B-3FC5BE6CCEE8} = {3D5096DB-8020-4B1B-876B-3FC5BE6CCEE8}
	EndProjectSection
EndProject
Project("{8BC9CEB8-8B4A-11D0-8D11-00A0C91BC942}") = "libFRFXLL", "..\libFRFXLL\libFRFXLL.vcproj", "{3D5096DB-8020-4B1B-876B-3FC5BE6CCEE8}"
EndProject
Project("{8BC9CEB8-8B4A-11D0-8D11-00A0C91BC942}") = "biomdi", "..\biomdi\biomdi.vcproj", "{A81E26DB-087B-48D8-BFA2-3A9AAEBEE2BB}"
EndProject
Project("{8BC9CEB8-8B4A-11D0-8D11-00A0C91BC942}") = "fingerminutia", "..\biomdi\fingerminutia\fingerminutia.vcproj", "{8CF7E4CC-3591-4209-9A81-FD32101518C8}"
EndProject
Project("{8BC9CEB8-8B4A-11D0-8D11-00A0C91BC942}") = "zlib", "..\OpenCV\projects\vc90\zlib.vcproj", "{5F4A2A45-E3B4-455F-A8B0-CA860714B7EF}"
EndProject
Project("{8BC9CEB8-8B4A-11D0-8D11-00A0C91BC942}") = "opencv_core", "..\OpenCV\projects\vc90\opencv_core.vcproj", "{78961D8B-D327-4B6A-AC7B-898BF0D3A9F6}"
	ProjectSection(ProjectDependencies) = postProject
		{5F4A2A45-E3B4-455F-A8B0-CA860714B7EF} = {5F4A2A45-E3B4-455F-A8B0-CA860714B7EF}
	EndProjectSection
EndProject
Project("{8BC9CEB8-8B4A-11D0-8D11-00A0C91BC942}") = "opencv_imgproc", "..\OpenCV\projects\vc90\opencv_imgproc.vcproj", "{96477E0A-C337-4F07-8D31-12749267DFAD}"
	ProjectSection(ProjectDependencies) = postProject
		{5F4A2A45-E3B4-455F-A8B0-CA860714B7EF} = {5F4A2A45-E3B4-455F-A8B0-CA860714B7EF}
		{78961D8B-D327-4B6A-AC7B-898BF0D3A9F6} = {78961D8B-D327-4B6A-AC7B-898BF0D3A9F6}
	EndProjectSection
EndProject
Project("{8BC9CEB8-8B4A-11D0-8D11-00A0C91BC942}") = "opencv_ml", "..\OpenCV\projects\vc90\opencv_ml.vcproj", "{CDA5AF7A-6B67-40EF-AAB0-72972F61D1BA}"
	ProjectSection(ProjectDependencies) = postProject
		{5F4A2A45-E3B4-455F-A8B0-CA860714B7EF} = {5F4A2A45-E3B4-455F-A8B0-CA860714B7EF}
		{78961D8B-D327-4B6A-AC7B-898BF0D3A9F6} = {78961D8B-D327-4B6A-AC7B-898BF0D3A9F6}
	EndProjectSection
EndProject
Project("{2150E333-8FDC-42A3-9474-1A3956D46DE8}") = "OpenCV", "OpenCV", "{06BB5472-0ABD-436A-8BA5-533783CFECAB}"
EndProject
Global
	GlobalSection(SolutionConfigurationPlatforms) = preSolution
		Debug|Win32 = Debug|Win32
		Release|Win32 = Release|Win32
	EndGlobalSection
	GlobalSection(ProjectConfigurationPlatforms) = postSolution
		{FDB87FBF-6456-4A84-9431-99FD6FCD83BE}.Debug|Win32.ActiveCfg = Debug|Win32
		{FDB87FBF-6456-4A84-9431-99FD6FCD83BE}.Debug|Win32.Build.0 = Debug|Win32
		{FDB87FBF-6456-4A84-9431-99FD6FCD83BE}.Release|Win32.ActiveCfg = Release|Win32
		{FDB87FBF-6456-4A84-9431-99FD6FCD83BE}.Release|Win32.Build.0 = Release|Win32
		{3D5096DB-8020-4B1B-876B-3FC5BE6CCEE8}.Debug|Win32.ActiveCfg = Debug|Win32
		{3D5096DB-8020-4B1B-876B-3FC5BE6CCEE8}.Debug|Win32.Build.0 = Debug|Win32
		{3D5096DB-8020-4B1B-876B-3FC5BE6CCEE8}.Release|Win32.ActiveCfg = Release|Win32
		{3D5096DB-8020-4B1B-876B-3FC5BE6CCEE8}.Release|Win32.Build.0 = Release|Win32
		{A81E26DB-087B-48D8-BFA2-3A9AAEBEE2BB}.Debug|Win32.ActiveCfg = Debug|Win32
		{A81E26DB-087B-48D8-BFA2-3A9AAEBEE2BB}.Debug|Win32.Build.0 = Debug|Win32
		{A81E26DB-087B-48D8-BFA2-3A9AAEBEE2BB}.Release|Win32.ActiveCfg = Release|Win32
		{A81E26DB-087B-48D8-BFA2-3A9AAEBEE2BB}.Release|Win32.Build.0 = Release|Win32
		{8CF7E4CC-3591-4209-9A81-FD32101518C8}.Debug|Win32.ActiveCfg = Debug|Win32
		{8CF7E4CC-3591-4209-9A81-FD32101518C8}.Debug|Win32.Build.0 = Debug|Win32
		{8CF7E4CC-3591-4209-9A81-FD32101518C8}.Release|Win32.ActiveCfg = Release|Win32
		{8CF7E4CC-3591-4209-9A81-FD32101518C8}.Release|Win32.Build.0 = Release|Win32
		{5F4A2A45-E3B4-455F-A8B0-CA860714B7EF}.Debug|Win32.ActiveCfg = Debug|Win32
		{5F4A2A45-E3B4-455F-A8B0-CA860714B7EF}.Debug|Win32.Build.0 = Debug|Win32
		{5F4A2A45-E3B4-455F-A8B0-CA860714B7EF}.Release|Win32.ActiveCfg = Release|Win32
		{5F4A2A45-E3B4-455F-A8B0-CA860714B7EF}.Release|Win32.Build.0 = Release|Win32
		{78961D8B-D327-4B6A-AC7B-898BF0D3A9F6}.Debug|Win32.ActiveCfg = Debug|Win32
		{78961D8B-D327-4B6A-AC7B-898BF0D3A9F6}.Debug|Win32.Build.0 = Debug|Win32
		{78961D8B-D327-4B6A-AC7B-898BF0D3A9F6}.Release|Win32.ActiveCfg = Release|Win32
		{78961D8B-D327-4B6A-AC7B-898BF0D3A9F6}.Release|Win32.Build.0 = Release|Win32
		{96477E0A-C337-4F07-8D31-12749267DFAD}.Debug|Win32.ActiveCfg = Debug|Win32
		{96477E0A-C337-4F07-8D31-12749267DFAD}.Debug|Win32.Build.0 = Debug|Win32
		{96477E0A-C337-4F07-8D31-12749267DFAD}.Release|Win32.ActiveCfg = Release|Win32
		{96477E0A-C337-4F07-8D31-12749267DFAD}.Release|Win32.Build.0 = Release|Win32
		{CDA5AF7A-6B67-40EF-AAB0-72972F61D1BA}.Debug|Win32.ActiveCfg = Debug|Win32
		{CDA5AF7A-6B67-40EF-AAB0-72972F61D1BA}.Debug|Win32.Build.0 = Debug|Win32
		{CDA5AF7A-6B67-40EF-AAB0-72972F61D1BA}.Release|Win32.ActiveCfg = Release|Win32
		{CDA5AF7A-6B67-40EF-AAB0-72972F61D1BA}.Release|Win32.Build.0 = Release|Win32
	EndGlobalSection
	GlobalSection(SolutionProperties) = preSolution
		HideSolutionNode = FALSE
	EndGlobalSection
	GlobalSection(NestedProjects) = preSolution
		{78961D8B-D327-4B6A-AC7B-898BF0D3A9F6} = {06BB5472-0ABD-436A-8BA5-533783CFECAB}
		{5F4A2A45-E3B4-455F-A8B0-CA860714B7EF} = {06BB5472-0ABD-436A-8BA5-533783CFECAB}
		{96477E0A-C337-4F07-8D31-12749267DFAD} = {06BB5472-0ABD-436A-8BA5-533783CFECAB}
		{CDA5AF7A-6B67-40EF-AAB0-72972F61D1BA} = {06BB5472-0ABD-436A-8BA5-533783CFECAB}
	EndGlobalSection
EndGlobal
