
Microsoft Visual Studio Solution File, Format Version 11.00
# Visual Studio 2010
Project("{8BC9CEB8-8B4A-11D0-8D11-00A0C91BC942}") = "libFRFXLL", "..\libFRFXLL\libFRFXLL.vcxproj", "{3D5096DB-8020-4B1B-876B-3FC5BE6CCEE8}"
EndProject
Project("{8BC9CEB8-8B4A-11D0-8D11-00A0C91BC942}") = "biomdi", "..\biomdi\biomdi.vcxproj", "{A81E26DB-087B-48D8-BFA2-3A9AAEBEE2BB}"
EndProject
Project("{8BC9CEB8-8B4A-11D0-8D11-00A0C91BC942}") = "fingerminutia", "..\biomdi\fingerminutia\fingerminutia.vcxproj", "{8CF7E4CC-3591-4209-9A81-FD32101518C8}"
EndProject
Project("{8BC9CEB8-8B4A-11D0-8D11-00A0C91BC942}") = "NFIQ2", "NFIQ2.vcxproj", "{FDB87FBF-6456-4A84-9431-99FD6FCD83BE}"
	ProjectSection(ProjectDependencies) = postProject
		{3A16287F-76DB-4940-9E75-F6981EC7B59E} = {3A16287F-76DB-4940-9E75-F6981EC7B59E}
		{92329F89-549F-4D7E-8CA0-B79EA78EE161} = {92329F89-549F-4D7E-8CA0-B79EA78EE161}
		{C02BC8A1-4759-4519-A986-24DB7F399F36} = {C02BC8A1-4759-4519-A986-24DB7F399F36}
		{8CF7E4CC-3591-4209-9A81-FD32101518C8} = {8CF7E4CC-3591-4209-9A81-FD32101518C8}
		{A81E26DB-087B-48D8-BFA2-3A9AAEBEE2BB} = {A81E26DB-087B-48D8-BFA2-3A9AAEBEE2BB}
		{3D5096DB-8020-4B1B-876B-3FC5BE6CCEE8} = {3D5096DB-8020-4B1B-876B-3FC5BE6CCEE8}
	EndProjectSection
EndProject
Project("{2150E333-8FDC-42A3-9474-1A3956D46DE8}") = "OpenCV", "OpenCV", "{A84630BD-40C5-4BAA-B549-BF7A748BEBC6}"
EndProject
Project("{8BC9CEB8-8B4A-11D0-8D11-00A0C91BC942}") = "zlib", "..\OpenCV\projects\vc100\zlib.vcxproj", "{45EBDF4D-3ECE-4A13-8ED4-9970986917D6}"
EndProject
Project("{8BC9CEB8-8B4A-11D0-8D11-00A0C91BC942}") = "opencv_core", "..\OpenCV\projects\vc100\opencv_core.vcxproj", "{92329F89-549F-4D7E-8CA0-B79EA78EE161}"
EndProject
Project("{8BC9CEB8-8B4A-11D0-8D11-00A0C91BC942}") = "opencv_imgproc", "..\OpenCV\projects\vc100\opencv_imgproc.vcxproj", "{C02BC8A1-4759-4519-A986-24DB7F399F36}"
EndProject
Project("{8BC9CEB8-8B4A-11D0-8D11-00A0C91BC942}") = "opencv_ml", "..\OpenCV\projects\vc100\opencv_ml.vcxproj", "{3A16287F-76DB-4940-9E75-F6981EC7B59E}"
EndProject
Global
	GlobalSection(SolutionConfigurationPlatforms) = preSolution
		Debug|Win32 = Debug|Win32
		Release|Win32 = Release|Win32
	EndGlobalSection
	GlobalSection(ProjectConfigurationPlatforms) = postSolution
		{3D5096DB-8020-4B1B-876B-3FC5BE6CCEE8}.Debug|Win32.ActiveCfg = Debug|Win32
		{3D5096DB-8020-4B1B-876B-3FC5BE6CCEE8}.Debug|Win32.Build.0 = Debug|Win32
		{3D5096DB-8020-4B1B-876B-3FC5BE6CCEE8}.Release|Win32.ActiveCfg = Release|Win32
		{3D5096DB-8020-4B1B-876B-3FC5BE6CCEE8}.Release|Win32.Build.0 = Release|Win32
		{A81E26DB-087B-48D8-BFA2-3A9AAEBEE2BB}.Debug|Win32.ActiveCfg = Debug|Win32
		{A81E26DB-087B-48D8-BFA2-3A9AAEBEE2BB}.Debug|Win32.Build.0 = Debug|Win32
		{A81E26DB-087B-48D8-BFA2-3A9AAEBEE2BB}.Release|Win32.ActiveCfg = Release|Win32
		{A81E26DB-087B-48D8-BFA2-3A9AAEBEE2BB}.Release|Win32.Build.0 = Release|Win32
		{8CF7E4CC-3591-4209-9A81-FD32101518C8}.Debug|Win32.ActiveCfg = Debug|Win32
		{8CF7E4CC-3591-4209-9A81-FD32101518C8}.Debug|Win32.Build.0 = Debug|Win32
		{8CF7E4CC-3591-4209-9A81-FD32101518C8}.Release|Win32.ActiveCfg = Release|Win32
		{8CF7E4CC-3591-4209-9A81-FD32101518C8}.Release|Win32.Build.0 = Release|Win32
		{FDB87FBF-6456-4A84-9431-99FD6FCD83BE}.Debug|Win32.ActiveCfg = Debug|Win32
		{FDB87FBF-6456-4A84-9431-99FD6FCD83BE}.Debug|Win32.Build.0 = Debug|Win32
		{FDB87FBF-6456-4A84-9431-99FD6FCD83BE}.Release|Win32.ActiveCfg = Release|Win32
		{FDB87FBF-6456-4A84-9431-99FD6FCD83BE}.Release|Win32.Build.0 = Release|Win32
		{45EBDF4D-3ECE-4A13-8ED4-9970986917D6}.Debug|Win32.ActiveCfg = Debug|Win32
		{45EBDF4D-3ECE-4A13-8ED4-9970986917D6}.Debug|Win32.Build.0 = Debug|Win32
		{45EBDF4D-3ECE-4A13-8ED4-9970986917D6}.Release|Win32.ActiveCfg = Release|Win32
		{45EBDF4D-3ECE-4A13-8ED4-9970986917D6}.Release|Win32.Build.0 = Release|Win32
		{92329F89-549F-4D7E-8CA0-B79EA78EE161}.Debug|Win32.ActiveCfg = Debug|Win32
		{92329F89-549F-4D7E-8CA0-B79EA78EE161}.Debug|Win32.Build.0 = Debug|Win32
		{92329F89-549F-4D7E-8CA0-B79EA78EE161}.Release|Win32.ActiveCfg = Release|Win32
		{92329F89-549F-4D7E-8CA0-B79EA78EE161}.Release|Win32.Build.0 = Release|Win32
		{C02BC8A1-4759-4519-A986-24DB7F399F36}.Debug|Win32.ActiveCfg = Debug|Win32
		{C02BC8A1-4759-4519-A986-24DB7F399F36}.Debug|Win32.Build.0 = Debug|Win32
		{C02BC8A1-4759-4519-A986-24DB7F399F36}.Release|Win32.ActiveCfg = Release|Win32
		{C02BC8A1-4759-4519-A986-24DB7F399F36}.Release|Win32.Build.0 = Release|Win32
		{3A16287F-76DB-4940-9E75-F6981EC7B59E}.Debug|Win32.ActiveCfg = Debug|Win32
		{3A16287F-76DB-4940-9E75-F6981EC7B59E}.Debug|Win32.Build.0 = Debug|Win32
		{3A16287F-76DB-4940-9E75-F6981EC7B59E}.Release|Win32.ActiveCfg = Release|Win32
		{3A16287F-76DB-4940-9E75-F6981EC7B59E}.Release|Win32.Build.0 = Release|Win32
	EndGlobalSection
	GlobalSection(SolutionProperties) = preSolution
		HideSolutionNode = FALSE
	EndGlobalSection
	GlobalSection(NestedProjects) = preSolution
		{45EBDF4D-3ECE-4A13-8ED4-9970986917D6} = {A84630BD-40C5-4BAA-B549-BF7A748BEBC6}
		{92329F89-549F-4D7E-8CA0-B79EA78EE161} = {A84630BD-40C5-4BAA-B549-BF7A748BEBC6}
		{C02BC8A1-4759-4519-A986-24DB7F399F36} = {A84630BD-40C5-4BAA-B549-BF7A748BEBC6}
		{3A16287F-76DB-4940-9E75-F6981EC7B59E} = {A84630BD-40C5-4BAA-B549-BF7A748BEBC6}
	EndGlobalSection
EndGlobal
